
Microsoft Visual Studio Solution File, Format Version 12.00
# Visual Studio Version 17
VisualStudioVersion = 17.13.35806.99 d17.13
MinimumVisualStudioVersion = 10.0.40219.1
Project("{FAE04EC0-301F-11D3-BF4B-00C04F79EFBC}") = "ExemploTemplateConsole", "ExemploTemplateConsole.csproj", "{81AC8F02-090C-48FF-A903-C9046B67059A}"
EndProject
Global
	GlobalSection(SolutionConfigurationPlatforms) = preSolution
		Debug|Any CPU = Debug|Any CPU
		Release|Any CPU = Release|Any CPU
	EndGlobalSection
	GlobalSection(ProjectConfigurationPlatforms) = postSolution
		{81AC8F02-090C-48FF-A903-C9046B67059A}.Debug|Any CPU.ActiveCfg = Debug|Any CPU
		{81AC8F02-090C-48FF-A903-C9046B67059A}.Debug|Any CPU.Build.0 = Debug|Any CPU
		{81AC8F02-090C-48FF-A903-C9046B67059A}.Release|Any CPU.ActiveCfg = Release|Any CPU
		{81AC8F02-090C-48FF-A903-C9046B67059A}.Release|Any CPU.Build.0 = Release|Any CPU
	EndGlobalSection
	GlobalSection(SolutionProperties) = preSolution
		HideSolutionNode = FALSE
	EndGlobalSection
	GlobalSection(ExtensibilityGlobals) = postSolution
		SolutionGuid = {030A2135-66CD-42BB-9241-0EC4F0E0DC37}
	EndGlobalSection
EndGlobal
